// !$*UTF8*$!
{
	archiveVersion = 1;
	classes = {
	};
	objectVersion = 46;
	objects = {

/* Begin PBXBuildFile section */
		04C2F46B1CEC3F4400E9229E /* main.m in Sources */ = {isa = PBXBuildFile; fileRef = 04C2F46A1CEC3F4400E9229E /* main.m */; };
		04C2F46E1CEC3F4400E9229E /* AppDelegate.m in Sources */ = {isa = PBXBuildFile; fileRef = 04C2F46D1CEC3F4400E9229E /* AppDelegate.m */; };
		04C2F4711CEC3F4400E9229E /* MasterViewController.m in Sources */ = {isa = PBXBuildFile; fileRef = 04C2F4701CEC3F4400E9229E /* MasterViewController.m */; };
		04C2F4741CEC3F4400E9229E /* DetailViewController.m in Sources */ = {isa = PBXBuildFile; fileRef = 04C2F4731CEC3F4400E9229E /* DetailViewController.m */; };
		04C2F4771CEC3F4400E9229E /* Main.storyboard in Resources */ = {isa = PBXBuildFile; fileRef = 04C2F4751CEC3F4400E9229E /* Main.storyboard */; };
		04C2F4791CEC3F4400E9229E /* Assets.xcassets in Resources */ = {isa = PBXBuildFile; fileRef = 04C2F4781CEC3F4400E9229E /* Assets.xcassets */; };
		04C2F47C1CEC3F4400E9229E /* LaunchScreen.storyboard in Resources */ = {isa = PBXBuildFile; fileRef = 04C2F47A1CEC3F4400E9229E /* LaunchScreen.storyboard */; };
		04C2F4871CEC3F4400E9229E /* IQKeyboardManagerDemoTests.m in Sources */ = {isa = PBXBuildFile; fileRef = 04C2F4861CEC3F4400E9229E /* IQKeyboardManagerDemoTests.m */; };
		04C2F4921CEC3F4500E9229E /* IQKeyboardManagerDemoUITests.m in Sources */ = {isa = PBXBuildFile; fileRef = 04C2F4911CEC3F4500E9229E /* IQKeyboardManagerDemoUITests.m */; };
		664CB584384C096C87FEDB09 /* libPods-IQKeyboardManagerDemo.a in Frameworks */ = {isa = PBXBuildFile; fileRef = 38E0F855139A439431D389D0 /* libPods-IQKeyboardManagerDemo.a */; };
/* End PBXBuildFile section */

/* Begin PBXContainerItemProxy section */
		04C2F4831CEC3F4400E9229E /* PBXContainerItemProxy */ = {
			isa = PBXContainerItemProxy;
			containerPortal = 04C2F45E1CEC3F4400E9229E /* Project object */;
			proxyType = 1;
			remoteGlobalIDString = 04C2F4651CEC3F4400E9229E;
			remoteInfo = IQKeyboardManagerDemo;
		};
		04C2F48E1CEC3F4500E9229E /* PBXContainerItemProxy */ = {
			isa = PBXContainerItemProxy;
			containerPortal = 04C2F45E1CEC3F4400E9229E /* Project object */;
			proxyType = 1;
			remoteGlobalIDString = 04C2F4651CEC3F4400E9229E;
			remoteInfo = IQKeyboardManagerDemo;
		};
/* End PBXContainerItemProxy section */

/* Begin PBXFileReference section */
		04C2F4661CEC3F4400E9229E /* IQKeyboardManagerDemo.app */ = {isa = PBXFileReference; explicitFileType = wrapper.application; includeInIndex = 0; path = IQKeyboardManagerDemo.app; sourceTree = BUILT_PRODUCTS_DIR; };
		04C2F46A1CEC3F4400E9229E /* main.m */ = {isa = PBXFileReference; lastKnownFileType = sourcecode.c.objc; path = main.m; sourceTree = "<group>"; };
		04C2F46C1CEC3F4400E9229E /* AppDelegate.h */ = {isa = PBXFileReference; lastKnownFileType = sourcecode.c.h; path = AppDelegate.h; sourceTree = "<group>"; };
		04C2F46D1CEC3F4400E9229E /* AppDelegate.m */ = {isa = PBXFileReference; lastKnownFileType = sourcecode.c.objc; path = AppDelegate.m; sourceTree = "<group>"; };
		04C2F46F1CEC3F4400E9229E /* MasterViewController.h */ = {isa = PBXFileReference; lastKnownFileType = sourcecode.c.h; path = MasterViewController.h; sourceTree = "<group>"; };
		04C2F4701CEC3F4400E9229E /* MasterViewController.m */ = {isa = PBXFileReference; lastKnownFileType = sourcecode.c.objc; path = MasterViewController.m; sourceTree = "<group>"; };
		04C2F4721CEC3F4400E9229E /* DetailViewController.h */ = {isa = PBXFileReference; lastKnownFileType = sourcecode.c.h; path = DetailViewController.h; sourceTree = "<group>"; };
		04C2F4731CEC3F4400E9229E /* DetailViewController.m */ = {isa = PBXFileReference; lastKnownFileType = sourcecode.c.objc; path = DetailViewController.m; sourceTree = "<group>"; };
		04C2F4761CEC3F4400E9229E /* Base */ = {isa = PBXFileReference; lastKnownFileType = file.storyboard; name = Base; path = Base.lproj/Main.storyboard; sourceTree = "<group>"; };
		04C2F4781CEC3F4400E9229E /* Assets.xcassets */ = {isa = PBXFileReference; lastKnownFileType = folder.assetcatalog; path = Assets.xcassets; sourceTree = "<group>"; };
		04C2F47B1CEC3F4400E9229E /* Base */ = {isa = PBXFileReference; lastKnownFileType = file.storyboard; name = Base; path = Base.lproj/LaunchScreen.storyboard; sourceTree = "<group>"; };
		04C2F47D1CEC3F4400E9229E /* Info.plist */ = {isa = PBXFileReference; lastKnownFileType = text.plist.xml; path = Info.plist; sourceTree = "<group>"; };
		04C2F4821CEC3F4400E9229E /* IQKeyboardManagerDemoTests.xctest */ = {isa = PBXFileReference; explicitFileType = wrapper.cfbundle; includeInIndex = 0; path = IQKeyboardManagerDemoTests.xctest; sourceTree = BUILT_PRODUCTS_DIR; };
		04C2F4861CEC3F4400E9229E /* IQKeyboardManagerDemoTests.m */ = {isa = PBXFileReference; lastKnownFileType = sourcecode.c.objc; path = IQKeyboardManagerDemoTests.m; sourceTree = "<group>"; };
		04C2F4881CEC3F4400E9229E /* Info.plist */ = {isa = PBXFileReference; lastKnownFileType = text.plist.xml; path = Info.plist; sourceTree = "<group>"; };
		04C2F48D1CEC3F4500E9229E /* IQKeyboardManagerDemoUITests.xctest */ = {isa = PBXFileReference; explicitFileType = wrapper.cfbundle; includeInIndex = 0; path = IQKeyboardManagerDemoUITests.xctest; sourceTree = BUILT_PRODUCTS_DIR; };
		04C2F4911CEC3F4500E9229E /* IQKeyboardManagerDemoUITests.m */ = {isa = PBXFileReference; lastKnownFileType = sourcecode.c.objc; path = IQKeyboardManagerDemoUITests.m; sourceTree = "<group>"; };
		04C2F4931CEC3F4500E9229E /* Info.plist */ = {isa = PBXFileReference; lastKnownFileType = text.plist.xml; path = Info.plist; sourceTree = "<group>"; };
		38E0F855139A439431D389D0 /* libPods-IQKeyboardManagerDemo.a */ = {isa = PBXFileReference; explicitFileType = archive.ar; includeInIndex = 0; path = "libPods-IQKeyboardManagerDemo.a"; sourceTree = BUILT_PRODUCTS_DIR; };
		42ACC51576A8B04498CEC7D2 /* Pods-IQKeyboardManagerDemo.debug.xcconfig */ = {isa = PBXFileReference; includeInIndex = 1; lastKnownFileType = text.xcconfig; name = "Pods-IQKeyboardManagerDemo.debug.xcconfig"; path = "Pods/Target Support Files/Pods-IQKeyboardManagerDemo/Pods-IQKeyboardManagerDemo.debug.xcconfig"; sourceTree = "<group>"; };
		FE4902C5E85B3B0D9A7F5CF8 /* Pods-IQKeyboardManagerDemo.release.xcconfig */ = {isa = PBXFileReference; includeInIndex = 1; lastKnownFileType = text.xcconfig; name = "Pods-IQKeyboardManagerDemo.release.xcconfig"; path = "Pods/Target Support Files/Pods-IQKeyboardManagerDemo/Pods-IQKeyboardManagerDemo.release.xcconfig"; sourceTree = "<group>"; };
/* End PBXFileReference section */

/* Begin PBXFrameworksBuildPhase section */
		04C2F4631CEC3F4400E9229E /* Frameworks */ = {
			isa = PBXFrameworksBuildPhase;
			buildActionMask = 2147483647;
			files = (
				664CB584384C096C87FEDB09 /* libPods-IQKeyboardManagerDemo.a in Frameworks */,
			);
			runOnlyForDeploymentPostprocessing = 0;
		};
		04C2F47F1CEC3F4400E9229E /* Frameworks */ = {
			isa = PBXFrameworksBuildPhase;
			buildActionMask = 2147483647;
			files = (
			);
			runOnlyForDeploymentPostprocessing = 0;
		};
		04C2F48A1CEC3F4500E9229E /* Frameworks */ = {
			isa = PBXFrameworksBuildPhase;
			buildActionMask = 2147483647;
			files = (
			);
			runOnlyForDeploymentPostprocessing = 0;
		};
/* End PBXFrameworksBuildPhase section */

/* Begin PBXGroup section */
		04C2F45D1CEC3F4400E9229E = {
			isa = PBXGroup;
			children = (
				04C2F4681CEC3F4400E9229E /* IQKeyboardManagerDemo */,
				04C2F4851CEC3F4400E9229E /* IQKeyboardManagerDemoTests */,
				04C2F4901CEC3F4500E9229E /* IQKeyboardManagerDemoUITests */,
				04C2F4671CEC3F4400E9229E /* Products */,
				9B4B0B9469F687289BBCD5B5 /* Pods */,
				64078C92CAF434E0E0C53749 /* Frameworks */,
			);
			sourceTree = "<group>";
		};
		04C2F4671CEC3F4400E9229E /* Products */ = {
			isa = PBXGroup;
			children = (
				04C2F4661CEC3F4400E9229E /* IQKeyboardManagerDemo.app */,
				04C2F4821CEC3F4400E9229E /* IQKeyboardManagerDemoTests.xctest */,
				04C2F48D1CEC3F4500E9229E /* IQKeyboardManagerDemoUITests.xctest */,
			);
			name = Products;
			sourceTree = "<group>";
		};
		04C2F4681CEC3F4400E9229E /* IQKeyboardManagerDemo */ = {
			isa = PBXGroup;
			children = (
				04C2F46C1CEC3F4400E9229E /* AppDelegate.h */,
				04C2F46D1CEC3F4400E9229E /* AppDelegate.m */,
				04C2F46F1CEC3F4400E9229E /* MasterViewController.h */,
				04C2F4701CEC3F4400E9229E /* MasterViewController.m */,
				04C2F4721CEC3F4400E9229E /* DetailViewController.h */,
				04C2F4731CEC3F4400E9229E /* DetailViewController.m */,
				04C2F4751CEC3F4400E9229E /* Main.storyboard */,
				04C2F4781CEC3F4400E9229E /* Assets.xcassets */,
				04C2F47A1CEC3F4400E9229E /* LaunchScreen.storyboard */,
				04C2F47D1CEC3F4400E9229E /* Info.plist */,
				04C2F4691CEC3F4400E9229E /* Supporting Files */,
			);
			path = IQKeyboardManagerDemo;
			sourceTree = "<group>";
		};
		04C2F4691CEC3F4400E9229E /* Supporting Files */ = {
			isa = PBXGroup;
			children = (
				04C2F46A1CEC3F4400E9229E /* main.m */,
			);
			name = "Supporting Files";
			sourceTree = "<group>";
		};
		04C2F4851CEC3F4400E9229E /* IQKeyboardManagerDemoTests */ = {
			isa = PBXGroup;
			children = (
				04C2F4861CEC3F4400E9229E /* IQKeyboardManagerDemoTests.m */,
				04C2F4881CEC3F4400E9229E /* Info.plist */,
			);
			path = IQKeyboardManagerDemoTests;
			sourceTree = "<group>";
		};
		04C2F4901CEC3F4500E9229E /* IQKeyboardManagerDemoUITests */ = {
			isa = PBXGroup;
			children = (
				04C2F4911CEC3F4500E9229E /* IQKeyboardManagerDemoUITests.m */,
				04C2F4931CEC3F4500E9229E /* Info.plist */,
			);
			path = IQKeyboardManagerDemoUITests;
			sourceTree = "<group>";
		};
		64078C92CAF434E0E0C53749 /* Frameworks */ = {
			isa = PBXGroup;
			children = (
				38E0F855139A439431D389D0 /* libPods-IQKeyboardManagerDemo.a */,
			);
			name = Frameworks;
			sourceTree = "<group>";
		};
		9B4B0B9469F687289BBCD5B5 /* Pods */ = {
			isa = PBXGroup;
			children = (
				42ACC51576A8B04498CEC7D2 /* Pods-IQKeyboardManagerDemo.debug.xcconfig */,
				FE4902C5E85B3B0D9A7F5CF8 /* Pods-IQKeyboardManagerDemo.release.xcconfig */,
			);
			name = Pods;
			sourceTree = "<group>";
		};
/* End PBXGroup section */

/* Begin PBXNativeTarget section */
		04C2F4651CEC3F4400E9229E /* IQKeyboardManagerDemo */ = {
			isa = PBXNativeTarget;
			buildConfigurationList = 04C2F4961CEC3F4500E9229E /* Build configuration list for PBXNativeTarget "IQKeyboardManagerDemo" */;
			buildPhases = (
				8DB7FAF1863BB2926ACFB052 /* 📦 Check Pods Manifest.lock */,
				04C2F4621CEC3F4400E9229E /* Sources */,
				04C2F4631CEC3F4400E9229E /* Frameworks */,
				04C2F4641CEC3F4400E9229E /* Resources */,
				9230137717AAC62BB0D839F8 /* 📦 Embed Pods Frameworks */,
				9627F6E0E45F4074A1C129D3 /* 📦 Copy Pods Resources */,
			);
			buildRules = (
			);
			dependencies = (
			);
			name = IQKeyboardManagerDemo;
			productName = IQKeyboardManagerDemo;
			productReference = 04C2F4661CEC3F4400E9229E /* IQKeyboardManagerDemo.app */;
			productType = "com.apple.product-type.application";
		};
		04C2F4811CEC3F4400E9229E /* IQKeyboardManagerDemoTests */ = {
			isa = PBXNativeTarget;
			buildConfigurationList = 04C2F4991CEC3F4500E9229E /* Build configuration list for PBXNativeTarget "IQKeyboardManagerDemoTests" */;
			buildPhases = (
				04C2F47E1CEC3F4400E9229E /* Sources */,
				04C2F47F1CEC3F4400E9229E /* Frameworks */,
				04C2F4801CEC3F4400E9229E /* Resources */,
			);
			buildRules = (
			);
			dependencies = (
				04C2F4841CEC3F4400E9229E /* PBXTargetDependency */,
			);
			name = IQKeyboardManagerDemoTests;
			productName = IQKeyboardManagerDemoTests;
			productReference = 04C2F4821CEC3F4400E9229E /* IQKeyboardManagerDemoTests.xctest */;
			productType = "com.apple.product-type.bundle.unit-test";
		};
		04C2F48C1CEC3F4500E9229E /* IQKeyboardManagerDemoUITests */ = {
			isa = PBXNativeTarget;
			buildConfigurationList = 04C2F49C1CEC3F4500E9229E /* Build configuration list for PBXNativeTarget "IQKeyboardManagerDemoUITests" */;
			buildPhases = (
				04C2F4891CEC3F4500E9229E /* Sources */,
				04C2F48A1CEC3F4500E9229E /* Frameworks */,
				04C2F48B1CEC3F4500E9229E /* Resources */,
			);
			buildRules = (
			);
			dependencies = (
				04C2F48F1CEC3F4500E9229E /* PBXTargetDependency */,
			);
			name = IQKeyboardManagerDemoUITests;
			productName = IQKeyboardManagerDemoUITests;
			productReference = 04C2F48D1CEC3F4500E9229E /* IQKeyboardManagerDemoUITests.xctest */;
			productType = "com.apple.product-type.bundle.ui-testing";
		};
/* End PBXNativeTarget section */

/* Begin PBXProject section */
		04C2F45E1CEC3F4400E9229E /* Project object */ = {
			isa = PBXProject;
			attributes = {
				LastUpgradeCheck = 0730;
				ORGANIZATIONNAME = mac;
				TargetAttributes = {
					04C2F4651CEC3F4400E9229E = {
						CreatedOnToolsVersion = 7.3.1;
					};
					04C2F4811CEC3F4400E9229E = {
						CreatedOnToolsVersion = 7.3.1;
						TestTargetID = 04C2F4651CEC3F4400E9229E;
					};
					04C2F48C1CEC3F4500E9229E = {
						CreatedOnToolsVersion = 7.3.1;
						TestTargetID = 04C2F4651CEC3F4400E9229E;
					};
				};
			};
			buildConfigurationList = 04C2F4611CEC3F4400E9229E /* Build configuration list for PBXProject "IQKeyboardManagerDemo" */;
			compatibilityVersion = "Xcode 3.2";
			developmentRegion = English;
			hasScannedForEncodings = 0;
			knownRegions = (
				en,
				Base,
			);
			mainGroup = 04C2F45D1CEC3F4400E9229E;
			productRefGroup = 04C2F4671CEC3F4400E9229E /* Products */;
			projectDirPath = "";
			projectRoot = "";
			targets = (
				04C2F4651CEC3F4400E9229E /* IQKeyboardManagerDemo */,
				04C2F4811CEC3F4400E9229E /* IQKeyboardManagerDemoTests */,
				04C2F48C1CEC3F4500E9229E /* IQKeyboardManagerDemoUITests */,
			);
		};
/* End PBXProject section */

/* Begin PBXResourcesBuildPhase section */
		04C2F4641CEC3F4400E9229E /* Resources */ = {
			isa = PBXResourcesBuildPhase;
			buildActionMask = 2147483647;
			files = (
				04C2F47C1CEC3F4400E9229E /* LaunchScreen.storyboard in Resources */,
				04C2F4791CEC3F4400E9229E /* Assets.xcassets in Resources */,
				04C2F4771CEC3F4400E9229E /* Main.storyboard in Resources */,
			);
			runOnlyForDeploymentPostprocessing = 0;
		};
		04C2F4801CEC3F4400E9229E /* Resources */ = {
			isa = PBXResourcesBuildPhase;
			buildActionMask = 2147483647;
			files = (
			);
			runOnlyForDeploymentPostprocessing = 0;
		};
		04C2F48B1CEC3F4500E9229E /* Resources */ = {
			isa = PBXResourcesBuildPhase;
			buildActionMask = 2147483647;
			files = (
			);
			runOnlyForDeploymentPostprocessing = 0;
		};
/* End PBXResourcesBuildPhase section */

/* Begin PBXShellScriptBuildPhase section */
		8DB7FAF1863BB2926ACFB052 /* 📦 Check Pods Manifest.lock */ = {
			isa = PBXShellScriptBuildPhase;
			buildActionMask = 2147483647;
			files = (
			);
			inputPaths = (
			);
			name = "📦 Check Pods Manifest.lock";
			outputPaths = (
			);
			runOnlyForDeploymentPostprocessing = 0;
			shellPath = /bin/sh;
			shellScript = "diff \"${PODS_ROOT}/../Podfile.lock\" \"${PODS_ROOT}/Manifest.lock\" > /dev/null\nif [[ $? != 0 ]] ; then\n    cat << EOM\nerror: The sandbox is not in sync with the Podfile.lock. Run 'pod install' or update your CocoaPods installation.\nEOM\n    exit 1\nfi\n";
			showEnvVarsInLog = 0;
		};
		9230137717AAC62BB0D839F8 /* 📦 Embed Pods Frameworks */ = {
			isa = PBXShellScriptBuildPhase;
			buildActionMask = 2147483647;
			files = (
			);
			inputPaths = (
			);
			name = "📦 Embed Pods Frameworks";
			outputPaths = (
			);
			runOnlyForDeploymentPostprocessing = 0;
			shellPath = /bin/sh;
			shellScript = "\"${SRCROOT}/Pods/Target Support Files/Pods-IQKeyboardManagerDemo/Pods-IQKeyboardManagerDemo-frameworks.sh\"\n";
			showEnvVarsInLog = 0;
		};
		9627F6E0E45F4074A1C129D3 /* 📦 Copy Pods Resources */ = {
			isa = PBXShellScriptBuildPhase;
			buildActionMask = 2147483647;
			files = (
			);
			inputPaths = (
			);
			name = "📦 Copy Pods Resources";
			outputPaths = (
			);
			runOnlyForDeploymentPostprocessing = 0;
			shellPath = /bin/sh;
			shellScript = "\"${SRCROOT}/Pods/Target Support Files/Pods-IQKeyboardManagerDemo/Pods-IQKeyboardManagerDemo-resources.sh\"\n";
			showEnvVarsInLog = 0;
		};
/* End PBXShellScriptBuildPhase section */

/* Begin PBXSourcesBuildPhase section */
		04C2F4621CEC3F4400E9229E /* Sources */ = {
			isa = PBXSourcesBuildPhase;
			buildActionMask = 2147483647;
			files = (
				04C2F46E1CEC3F4400E9229E /* AppDelegate.m in Sources */,
				04C2F4711CEC3F4400E9229E /* MasterViewController.m in Sources */,
				04C2F46B1CEC3F4400E9229E /* main.m in Sources */,
				04C2F4741CEC3F4400E9229E /* DetailViewController.m in Sources */,
			);
			runOnlyForDeploymentPostprocessing = 0;
		};
		04C2F47E1CEC3F4400E9229E /* Sources */ = {
			isa = PBXSourcesBuildPhase;
			buildActionMask = 2147483647;
			files = (
				04C2F4871CEC3F4400E9229E /* IQKeyboardManagerDemoTests.m in Sources */,
			);
			runOnlyForDeploymentPostprocessing = 0;
		};
		04C2F4891CEC3F4500E9229E /* Sources */ = {
			isa = PBXSourcesBuildPhase;
			buildActionMask = 2147483647;
			files = (
				04C2F4921CEC3F4500E9229E /* IQKeyboardManagerDemoUITests.m in Sources */,
			);
			runOnlyForDeploymentPostprocessing = 0;
		};
/* End PBXSourcesBuildPhase section */

/* Begin PBXTargetDependency section */
		04C2F4841CEC3F4400E9229E /* PBXTargetDependency */ = {
			isa = PBXTargetDependency;
			target = 04C2F4651CEC3F4400E9229E /* IQKeyboardManagerDemo */;
			targetProxy = 04C2F4831CEC3F4400E9229E /* PBXContainerItemProxy */;
		};
		04C2F48F1CEC3F4500E9229E /* PBXTargetDependency */ = {
			isa = PBXTargetDependency;
			target = 04C2F4651CEC3F4400E9229E /* IQKeyboardManagerDemo */;
			targetProxy = 04C2F48E1CEC3F4500E9229E /* PBXContainerItemProxy */;
		};
/* End PBXTargetDependency section */

/* Begin PBXVariantGroup section */
		04C2F4751CEC3F4400E9229E /* Main.storyboard */ = {
			isa = PBXVariantGroup;
			children = (
				04C2F4761CEC3F4400E9229E /* Base */,
			);
			name = Main.storyboard;
			sourceTree = "<group>";
		};
		04C2F47A1CEC3F4400E9229E /* LaunchScreen.storyboard */ = {
			isa = PBXVariantGroup;
			children = (
				04C2F47B1CEC3F4400E9229E /* Base */,
			);
			name = LaunchScreen.storyboard;
			sourceTree = "<group>";
		};
/* End PBXVariantGroup section */

/* Begin XCBuildConfiguration section */
		04C2F4941CEC3F4500E9229E /* Debug */ = {
			isa = XCBuildConfiguration;
			buildSettings = {
				ALWAYS_SEARCH_USER_PATHS = NO;
				CLANG_ANALYZER_NONNULL = YES;
				CLANG_CXX_LANGUAGE_STANDARD = "gnu++0x";
				CLANG_CXX_LIBRARY = "libc++";
				CLANG_ENABLE_MODULES = YES;
				CLANG_ENABLE_OBJC_ARC = YES;
				CLANG_WARN_BOOL_CONVERSION = YES;
				CLANG_WARN_CONSTANT_CONVERSION = YES;
				CLANG_WARN_DIRECT_OBJC_ISA_USAGE = YES_ERROR;
				CLANG_WARN_EMPTY_BODY = YES;
				CLANG_WARN_ENUM_CONVERSION = YES;
				CLANG_WARN_INT_CONVERSION = YES;
				CLANG_WARN_OBJC_ROOT_CLASS = YES_ERROR;
				CLANG_WARN_UNREACHABLE_CODE = YES;
				CLANG_WARN__DUPLICATE_METHOD_MATCH = YES;
				"CODE_SIGN_IDENTITY[sdk=iphoneos*]" = "iPhone Developer";
				COPY_PHASE_STRIP = NO;
				DEBUG_INFORMATION_FORMAT = dwarf;
				ENABLE_STRICT_OBJC_MSGSEND = YES;
				ENABLE_TESTABILITY = YES;
				GCC_C_LANGUAGE_STANDARD = gnu99;
				GCC_DYNAMIC_NO_PIC = NO;
				GCC_NO_COMMON_BLOCKS = YES;
				GCC_OPTIMIZATION_LEVEL = 0;
				GCC_PREPROCESSOR_DEFINITIONS = (
					"DEBUG=1",
					"$(inherited)",
				);
				GCC_WARN_64_TO_32_BIT_CONVERSION = YES;
				GCC_WARN_ABOUT_RETURN_TYPE = YES_ERROR;
				GCC_WARN_UNDECLARED_SELECTOR = YES;
				GCC_WARN_UNINITIALIZED_AUTOS = YES_AGGRESSIVE;
				GCC_WARN_UNUSED_FUNCTION = YES;
				GCC_WARN_UNUSED_VARIABLE = YES;
				IPHONEOS_DEPLOYMENT_TARGET = 9.3;
				MTL_ENABLE_DEBUG_INFO = YES;
				ONLY_ACTIVE_ARCH = YES;
				SDKROOT = iphoneos;
				TARGETED_DEVICE_FAMILY = "1,2";
			};
			name = Debug;
		};
		04C2F4951CEC3F4500E9229E /* Release */ = {
			isa = XCBuildConfiguration;
			buildSettings = {
				ALWAYS_SEARCH_USER_PATHS = NO;
				CLANG_ANALYZER_NONNULL = YES;
				CLANG_CXX_LANGUAGE_STANDARD = "gnu++0x";
				CLANG_CXX_LIBRARY = "libc++";
				CLANG_ENABLE_MODULES = YES;
				CLANG_ENABLE_OBJC_ARC = YES;
				CLANG_WARN_BOOL_CONVERSION = YES;
				CLANG_WARN_CONSTANT_CONVERSION = YES;
				CLANG_WARN_DIRECT_OBJC_ISA_USAGE = YES_ERROR;
				CLANG_WARN_EMPTY_BODY = YES;
				CLANG_WARN_ENUM_CONVERSION = YES;
				CLANG_WARN_INT_CONVERSION = YES;
				CLANG_WARN_OBJC_ROOT_CLASS = YES_ERROR;
				CLANG_WARN_UNREACHABLE_CODE = YES;
				CLANG_WARN__DUPLICATE_METHOD_MATCH = YES;
				"CODE_SIGN_IDENTITY[sdk=iphoneos*]" = "iPhone Developer";
				COPY_PHASE_STRIP = NO;
				DEBUG_INFORMATION_FORMAT = "dwarf-with-dsym";
				ENABLE_NS_ASSERTIONS = NO;
				ENABLE_STRICT_OBJC_MSGSEND = YES;
				GCC_C_LANGUAGE_STANDARD = gnu99;
				GCC_NO_COMMON_BLOCKS = YES;
				GCC_WARN_64_TO_32_BIT_CONVERSION = YES;
				GCC_WARN_ABOUT_RETURN_TYPE = YES_ERROR;
				GCC_WARN_UNDECLARED_SELECTOR = YES;
				GCC_WARN_UNINITIALIZED_AUTOS = YES_AGGRESSIVE;
				GCC_WARN_UNUSED_FUNCTION = YES;
				GCC_WARN_UNUSED_VARIABLE = YES;
				IPHONEOS_DEPLOYMENT_TARGET = 9.3;
				MTL_ENABLE_DEBUG_INFO = NO;
				SDKROOT = iphoneos;
				TARGETED_DEVICE_FAMILY = "1,2";
				VALIDATE_PRODUCT = YES;
			};
			name = Release;
		};
		04C2F4971CEC3F4500E9229E /* Debug */ = {
			isa = XCBuildConfiguration;
			baseConfigurationReference = 42ACC51576A8B04498CEC7D2 /* Pods-IQKeyboardManagerDemo.debug.xcconfig */;
			buildSettings = {
				ASSETCATALOG_COMPILER_APPICON_NAME = AppIcon;
				INFOPLIST_FILE = IQKeyboardManagerDemo/Info.plist;
				LD_RUNPATH_SEARCH_PATHS = "$(inherited) @executable_path/Frameworks";
				PRODUCT_BUNDLE_IDENTIFIER = com.jsj.centry.IQKeyboardManagerDemo;
				PRODUCT_NAME = "$(TARGET_NAME)";
			};
			name = Debug;
		};
		04C2F4981CEC3F4500E9229E /* Release */ = {
			isa = XCBuildConfiguration;
			baseConfigurationReference = FE4902C5E85B3B0D9A7F5CF8 /* Pods-IQKeyboardManagerDemo.release.xcconfig */;
			buildSettings = {
				ASSETCATALOG_COMPILER_APPICON_NAME = AppIcon;
				INFOPLIST_FILE = IQKeyboardManagerDemo/Info.plist;
				LD_RUNPATH_SEARCH_PATHS = "$(inherited) @executable_path/Frameworks";
				PRODUCT_BUNDLE_IDENTIFIER = com.jsj.centry.IQKeyboardManagerDemo;
				PRODUCT_NAME = "$(TARGET_NAME)";
			};
			name = Release;
		};
		04C2F49A1CEC3F4500E9229E /* Debug */ = {
			isa = XCBuildConfiguration;
			buildSettings = {
				BUNDLE_LOADER = "$(TEST_HOST)";
				INFOPLIST_FILE = IQKeyboardManagerDemoTests/Info.plist;
				LD_RUNPATH_SEARCH_PATHS = "$(inherited) @executable_path/Frameworks @loader_path/Frameworks";
				PRODUCT_BUNDLE_IDENTIFIER = com.jsj.centry.IQKeyboardManagerDemoTests;
				PRODUCT_NAME = "$(TARGET_NAME)";
				TEST_HOST = "$(BUILT_PRODUCTS_DIR)/IQKeyboardManagerDemo.app/IQKeyboardManagerDemo";
			};
			name = Debug;
		};
		04C2F49B1CEC3F4500E9229E /* Release */ = {
			isa = XCBuildConfiguration;
			buildSettings = {
				BUNDLE_LOADER = "$(TEST_HOST)";
				INFOPLIST_FILE = IQKeyboardManagerDemoTests/Info.plist;
				LD_RUNPATH_SEARCH_PATHS = "$(inherited) @executable_path/Frameworks @loader_path/Frameworks";
				PRODUCT_BUNDLE_IDENTIFIER = com.jsj.centry.IQKeyboardManagerDemoTests;
				PRODUCT_NAME = "$(TARGET_NAME)";
				TEST_HOST = "$(BUILT_PRODUCTS_DIR)/IQKeyboardManagerDemo.app/IQKeyboardManagerDemo";
			};
			name = Release;
		};
		04C2F49D1CEC3F4500E9229E /* Debug */ = {
			isa = XCBuildConfiguration;
			buildSettings = {
				INFOPLIST_FILE = IQKeyboardManagerDemoUITests/Info.plist;
				LD_RUNPATH_SEARCH_PATHS = "$(inherited) @executable_path/Frameworks @loader_path/Frameworks";
				PRODUCT_BUNDLE_IDENTIFIER = com.jsj.centry.IQKeyboardManagerDemoUITests;
				PRODUCT_NAME = "$(TARGET_NAME)";
				TEST_TARGET_NAME = IQKeyboardManagerDemo;
			};
			name = Debug;
		};
		04C2F49E1CEC3F4500E9229E /* Release */ = {
			isa = XCBuildConfiguration;
			buildSettings = {
				INFOPLIST_FILE = IQKeyboardManagerDemoUITests/Info.plist;
				LD_RUNPATH_SEARCH_PATHS = "$(inherited) @executable_path/Frameworks @loader_path/Frameworks";
				PRODUCT_BUNDLE_IDENTIFIER = com.jsj.centry.IQKeyboardManagerDemoUITests;
				PRODUCT_NAME = "$(TARGET_NAME)";
				TEST_TARGET_NAME = IQKeyboardManagerDemo;
			};
			name = Release;
		};
/* End XCBuildConfiguration section */

/* Begin XCConfigurationList section */
		04C2F4611CEC3F4400E9229E /* Build configuration list for PBXProject "IQKeyboardManagerDemo" */ = {
			isa = XCConfigurationList;
			buildConfigurations = (
				04C2F4941CEC3F4500E9229E /* Debug */,
				04C2F4951CEC3F4500E9229E /* Release */,
			);
			defaultConfigurationIsVisible = 0;
			defaultConfigurationName = Release;
		};
		04C2F4961CEC3F4500E9229E /* Build configuration list for PBXNativeTarget "IQKeyboardManagerDemo" */ = {
			isa = XCConfigurationList;
			buildConfigurations = (
				04C2F4971CEC3F4500E9229E /* Debug */,
				04C2F4981CEC3F4500E9229E /* Release */,
			);
			defaultConfigurationIsVisible = 0;
			defaultConfigurationName = Release;
		};
		04C2F4991CEC3F4500E9229E /* Build configuration list for PBXNativeTarget "IQKeyboardManagerDemoTests" */ = {
			isa = XCConfigurationList;
			buildConfigurations = (
				04C2F49A1CEC3F4500E9229E /* Debug */,
				04C2F49B1CEC3F4500E9229E /* Release */,
			);
			defaultConfigurationIsVisible = 0;
			defaultConfigurationName = Release;
		};
		04C2F49C1CEC3F4500E9229E /* Build configuration list for PBXNativeTarget "IQKeyboardManagerDemoUITests" */ = {
			isa = XCConfigurationList;
			buildConfigurations = (
				04C2F49D1CEC3F4500E9229E /* Debug */,
				04C2F49E1CEC3F4500E9229E /* Release */,
			);
			defaultConfigurationIsVisible = 0;
			defaultConfigurationName = Release;
		};
/* End XCConfigurationList section */
	};
	rootObject = 04C2F45E1CEC3F4400E9229E /* Project object */;
}
